
Microsoft Visual Studio Solution File, Format Version 12.00
# Visual Studio 15
VisualStudioVersion = 15.0.28010.0
MinimumVisualStudioVersion = 10.0.40219.1
Project("{FAE04EC0-301F-11D3-BF4B-00C04F79EFBC}") = "Lab3_Part2", "Lab3_Part2\Lab3_Part2.csproj", "{27A499F5-8D54-4ED6-AB75-FABA1CA8E99D}"
EndProject
Global
	GlobalSection(SolutionConfigurationPlatforms) = preSolution
		Debug|Any CPU = Debug|Any CPU
		Release|Any CPU = Release|Any CPU
	EndGlobalSection
	GlobalSection(ProjectConfigurationPlatforms) = postSolution
		{27A499F5-8D54-4ED6-AB75-FABA1CA8E99D}.Debug|Any CPU.ActiveCfg = Debug|Any CPU
		{27A499F5-8D54-4ED6-AB75-FABA1CA8E99D}.Debug|Any CPU.Build.0 = Debug|Any CPU
		{27A499F5-8D54-4ED6-AB75-FABA1CA8E99D}.Release|Any CPU.ActiveCfg = Release|Any CPU
		{27A499F5-8D54-4ED6-AB75-FABA1CA8E99D}.Release|Any CPU.Build.0 = Release|Any CPU
	EndGlobalSection
	GlobalSection(SolutionProperties) = preSolution
		HideSolutionNode = FALSE
	EndGlobalSection
	GlobalSection(ExtensibilityGlobals) = postSolution
		SolutionGuid = {B8978164-E826-40AE-A7F1-041432DA2E6B}
	EndGlobalSection
EndGlobal
