
Microsoft Visual Studio Solution File, Format Version 12.00
# Visual Studio 15
VisualStudioVersion = 15.0.28010.0
MinimumVisualStudioVersion = 10.0.40219.1
Project("{FAE04EC0-301F-11D3-BF4B-00C04F79EFBC}") = "Lab3_Part1", "Lab3_Part1\Lab3_Part1.csproj", "{EF81FA31-E046-401A-8E63-5230AF9FCDF8}"
EndProject
Global
	GlobalSection(SolutionConfigurationPlatforms) = preSolution
		Debug|Any CPU = Debug|Any CPU
		Release|Any CPU = Release|Any CPU
	EndGlobalSection
	GlobalSection(ProjectConfigurationPlatforms) = postSolution
		{EF81FA31-E046-401A-8E63-5230AF9FCDF8}.Debug|Any CPU.ActiveCfg = Debug|Any CPU
		{EF81FA31-E046-401A-8E63-5230AF9FCDF8}.Debug|Any CPU.Build.0 = Debug|Any CPU
		{EF81FA31-E046-401A-8E63-5230AF9FCDF8}.Release|Any CPU.ActiveCfg = Release|Any CPU
		{EF81FA31-E046-401A-8E63-5230AF9FCDF8}.Release|Any CPU.Build.0 = Release|Any CPU
	EndGlobalSection
	GlobalSection(SolutionProperties) = preSolution
		HideSolutionNode = FALSE
	EndGlobalSection
	GlobalSection(ExtensibilityGlobals) = postSolution
		SolutionGuid = {318F0948-2987-445F-A906-4EEA2364B7F9}
	EndGlobalSection
EndGlobal
